// !$*UTF8*$!
{
	archiveVersion = 1;
	classes = {
	};
	objectVersion = 51;
	objects = {

/* Begin PBXBuildFile section */
		CB07304F26607A5800FD4726 /* tokensVC.swift in Sources */ = {isa = PBXBuildFile; fileRef = CB07304E26607A5800FD4726 /* tokensVC.swift */; };
		CBB8F37C265BFA9C00917848 /* AppDelegate.swift in Sources */ = {isa = PBXBuildFile; fileRef = CBB8F37B265BFA9C00917848 /* AppDelegate.swift */; };
		CBB8F37E265BFA9C00917848 /* SceneDelegate.swift in Sources */ = {isa = PBXBuildFile; fileRef = CBB8F37D265BFA9C00917848 /* SceneDelegate.swift */; };
		CBB8F380265BFA9C00917848 /* tabBarController.swift in Sources */ = {isa = PBXBuildFile; fileRef = CBB8F37F265BFA9C00917848 /* tabBarController.swift */; };
		CBB8F383265BFA9C00917848 /* Main.storyboard in Resources */ = {isa = PBXBuildFile; fileRef = CBB8F381265BFA9C00917848 /* Main.storyboard */; };
		CBB8F385265BFAA100917848 /* Assets.xcassets in Resources */ = {isa = PBXBuildFile; fileRef = CBB8F384265BFAA100917848 /* Assets.xcassets */; };
		CBB8F388265BFAA100917848 /* LaunchScreen.storyboard in Resources */ = {isa = PBXBuildFile; fileRef = CBB8F386265BFAA100917848 /* LaunchScreen.storyboard */; };
		CBB8F390265C27AC00917848 /* LoginVC.swift in Sources */ = {isa = PBXBuildFile; fileRef = CBB8F38F265C27AC00917848 /* LoginVC.swift */; };
		CBB8F392265C2C3700917848 /* RegistroVC.swift in Sources */ = {isa = PBXBuildFile; fileRef = CBB8F391265C2C3700917848 /* RegistroVC.swift */; };
		CBB8F3F4265CBAC800917848 /* GoogleService-Info.plist in Resources */ = {isa = PBXBuildFile; fileRef = CBB8F3F3265CBAC800917848 /* GoogleService-Info.plist */; };
		CBB8F3F6265D310000917848 /* MiCuentaVC.swift in Sources */ = {isa = PBXBuildFile; fileRef = CBB8F3F5265D310000917848 /* MiCuentaVC.swift */; };
		CBB8F3F8265D311C00917848 /* MapaVC.swift in Sources */ = {isa = PBXBuildFile; fileRef = CBB8F3F7265D311C00917848 /* MapaVC.swift */; };
		CBB8F3FA265D313000917848 /* ContactosVC.swift in Sources */ = {isa = PBXBuildFile; fileRef = CBB8F3F9265D313000917848 /* ContactosVC.swift */; };
		CBB8F3FC265D315900917848 /* HistorialVC.swift in Sources */ = {isa = PBXBuildFile; fileRef = CBB8F3FB265D315900917848 /* HistorialVC.swift */; };
		CBB8F3FE265D316D00917848 /* ConfiguracionVC.swift in Sources */ = {isa = PBXBuildFile; fileRef = CBB8F3FD265D316D00917848 /* ConfiguracionVC.swift */; };
		F46A8AF32EEF354D8F8520CE /* Pods_Ontas_iOS.framework in Frameworks */ = {isa = PBXBuildFile; fileRef = AB3A9BE49DF7023183F59FAF /* Pods_Ontas_iOS.framework */; };
/* End PBXBuildFile section */

/* Begin PBXFileReference section */
		3594AC599DDCD4528BD7686D /* Pods-Ontas_iOS.release.xcconfig */ = {isa = PBXFileReference; includeInIndex = 1; lastKnownFileType = text.xcconfig; name = "Pods-Ontas_iOS.release.xcconfig"; path = "Target Support Files/Pods-Ontas_iOS/Pods-Ontas_iOS.release.xcconfig"; sourceTree = "<group>"; };
		3797587FF6CD7E6C3C7008BD /* Pods-Ontas_iOS.debug.xcconfig */ = {isa = PBXFileReference; includeInIndex = 1; lastKnownFileType = text.xcconfig; name = "Pods-Ontas_iOS.debug.xcconfig"; path = "Target Support Files/Pods-Ontas_iOS/Pods-Ontas_iOS.debug.xcconfig"; sourceTree = "<group>"; };
		AB3A9BE49DF7023183F59FAF /* Pods_Ontas_iOS.framework */ = {isa = PBXFileReference; explicitFileType = wrapper.framework; includeInIndex = 0; path = Pods_Ontas_iOS.framework; sourceTree = BUILT_PRODUCTS_DIR; };
		CB07304E26607A5800FD4726 /* tokensVC.swift */ = {isa = PBXFileReference; lastKnownFileType = sourcecode.swift; path = tokensVC.swift; sourceTree = "<group>"; };
		CBB8F378265BFA9C00917848 /* Ontas_iOS.app */ = {isa = PBXFileReference; explicitFileType = wrapper.application; includeInIndex = 0; path = Ontas_iOS.app; sourceTree = BUILT_PRODUCTS_DIR; };
		CBB8F37B265BFA9C00917848 /* AppDelegate.swift */ = {isa = PBXFileReference; lastKnownFileType = sourcecode.swift; path = AppDelegate.swift; sourceTree = "<group>"; };
		CBB8F37D265BFA9C00917848 /* SceneDelegate.swift */ = {isa = PBXFileReference; lastKnownFileType = sourcecode.swift; path = SceneDelegate.swift; sourceTree = "<group>"; };
		CBB8F37F265BFA9C00917848 /* tabBarController.swift */ = {isa = PBXFileReference; lastKnownFileType = sourcecode.swift; path = tabBarController.swift; sourceTree = "<group>"; };
		CBB8F382265BFA9C00917848 /* Base */ = {isa = PBXFileReference; lastKnownFileType = file.storyboard; name = Base; path = Base.lproj/Main.storyboard; sourceTree = "<group>"; };
		CBB8F384265BFAA100917848 /* Assets.xcassets */ = {isa = PBXFileReference; lastKnownFileType = folder.assetcatalog; path = Assets.xcassets; sourceTree = "<group>"; };
		CBB8F387265BFAA100917848 /* Base */ = {isa = PBXFileReference; lastKnownFileType = file.storyboard; name = Base; path = Base.lproj/LaunchScreen.storyboard; sourceTree = "<group>"; };
		CBB8F389265BFAA100917848 /* Info.plist */ = {isa = PBXFileReference; lastKnownFileType = text.plist.xml; path = Info.plist; sourceTree = "<group>"; };
		CBB8F38F265C27AC00917848 /* LoginVC.swift */ = {isa = PBXFileReference; lastKnownFileType = sourcecode.swift; path = LoginVC.swift; sourceTree = "<group>"; };
		CBB8F391265C2C3700917848 /* RegistroVC.swift */ = {isa = PBXFileReference; lastKnownFileType = sourcecode.swift; path = RegistroVC.swift; sourceTree = "<group>"; };
		CBB8F3F3265CBAC800917848 /* GoogleService-Info.plist */ = {isa = PBXFileReference; fileEncoding = 4; lastKnownFileType = text.plist.xml; path = "GoogleService-Info.plist"; sourceTree = "<group>"; };
		CBB8F3F5265D310000917848 /* MiCuentaVC.swift */ = {isa = PBXFileReference; lastKnownFileType = sourcecode.swift; path = MiCuentaVC.swift; sourceTree = "<group>"; };
		CBB8F3F7265D311C00917848 /* MapaVC.swift */ = {isa = PBXFileReference; lastKnownFileType = sourcecode.swift; path = MapaVC.swift; sourceTree = "<group>"; };
		CBB8F3F9265D313000917848 /* ContactosVC.swift */ = {isa = PBXFileReference; lastKnownFileType = sourcecode.swift; path = ContactosVC.swift; sourceTree = "<group>"; };
		CBB8F3FB265D315900917848 /* HistorialVC.swift */ = {isa = PBXFileReference; lastKnownFileType = sourcecode.swift; path = HistorialVC.swift; sourceTree = "<group>"; };
		CBB8F3FD265D316D00917848 /* ConfiguracionVC.swift */ = {isa = PBXFileReference; lastKnownFileType = sourcecode.swift; path = ConfiguracionVC.swift; sourceTree = "<group>"; };
/* End PBXFileReference section */

/* Begin PBXFrameworksBuildPhase section */
		CBB8F375265BFA9C00917848 /* Frameworks */ = {
			isa = PBXFrameworksBuildPhase;
			buildActionMask = 2147483647;
			files = (
				F46A8AF32EEF354D8F8520CE /* Pods_Ontas_iOS.framework in Frameworks */,
			);
			runOnlyForDeploymentPostprocessing = 0;
		};
/* End PBXFrameworksBuildPhase section */

/* Begin PBXGroup section */
		5B5A0AE74BA6DFCA4800EE40 /* Frameworks */ = {
			isa = PBXGroup;
			children = (
				AB3A9BE49DF7023183F59FAF /* Pods_Ontas_iOS.framework */,
			);
			name = Frameworks;
			sourceTree = "<group>";
		};
		72FD70B8FBD8E8D7A87A6D29 /* Pods */ = {
			isa = PBXGroup;
			children = (
				3797587FF6CD7E6C3C7008BD /* Pods-Ontas_iOS.debug.xcconfig */,
				3594AC599DDCD4528BD7686D /* Pods-Ontas_iOS.release.xcconfig */,
			);
			path = Pods;
			sourceTree = "<group>";
		};
		CBB8F36F265BFA9C00917848 = {
			isa = PBXGroup;
			children = (
				CBB8F37A265BFA9C00917848 /* Ontas_iOS */,
				CBB8F379265BFA9C00917848 /* Products */,
				72FD70B8FBD8E8D7A87A6D29 /* Pods */,
				5B5A0AE74BA6DFCA4800EE40 /* Frameworks */,
			);
			sourceTree = "<group>";
		};
		CBB8F379265BFA9C00917848 /* Products */ = {
			isa = PBXGroup;
			children = (
				CBB8F378265BFA9C00917848 /* Ontas_iOS.app */,
			);
			name = Products;
			sourceTree = "<group>";
		};
		CBB8F37A265BFA9C00917848 /* Ontas_iOS */ = {
			isa = PBXGroup;
			children = (
				CBB8F37B265BFA9C00917848 /* AppDelegate.swift */,
				CBB8F37D265BFA9C00917848 /* SceneDelegate.swift */,
				CBB8F37F265BFA9C00917848 /* tabBarController.swift */,
				CBB8F381265BFA9C00917848 /* Main.storyboard */,
				CBB8F384265BFAA100917848 /* Assets.xcassets */,
				CBB8F386265BFAA100917848 /* LaunchScreen.storyboard */,
				CBB8F389265BFAA100917848 /* Info.plist */,
				CBB8F38F265C27AC00917848 /* LoginVC.swift */,
				CBB8F391265C2C3700917848 /* RegistroVC.swift */,
				CBB8F3F3265CBAC800917848 /* GoogleService-Info.plist */,
				CBB8F3F5265D310000917848 /* MiCuentaVC.swift */,
				CBB8F3F7265D311C00917848 /* MapaVC.swift */,
				CBB8F3F9265D313000917848 /* ContactosVC.swift */,
				CBB8F3FB265D315900917848 /* HistorialVC.swift */,
				CBB8F3FD265D316D00917848 /* ConfiguracionVC.swift */,
				CB07304E26607A5800FD4726 /* tokensVC.swift */,
			);
			path = Ontas_iOS;
			sourceTree = "<group>";
		};
/* End PBXGroup section */

/* Begin PBXNativeTarget section */
		CBB8F377265BFA9C00917848 /* Ontas_iOS */ = {
			isa = PBXNativeTarget;
			buildConfigurationList = CBB8F38C265BFAA100917848 /* Build configuration list for PBXNativeTarget "Ontas_iOS" */;
			buildPhases = (
				14975B1141F9F5AD61948B58 /* [CP] Check Pods Manifest.lock */,
				CBB8F374265BFA9C00917848 /* Sources */,
				CBB8F375265BFA9C00917848 /* Frameworks */,
				CBB8F376265BFA9C00917848 /* Resources */,
				75D7C40A2EFF313F8287E692 /* [CP] Embed Pods Frameworks */,
			);
			buildRules = (
			);
			dependencies = (
			);
			name = Ontas_iOS;
			productName = Ontas_iOS;
			productReference = CBB8F378265BFA9C00917848 /* Ontas_iOS.app */;
			productType = "com.apple.product-type.application";
		};
/* End PBXNativeTarget section */

/* Begin PBXProject section */
		CBB8F370265BFA9C00917848 /* Project object */ = {
			isa = PBXProject;
			attributes = {
				LastSwiftUpdateCheck = 1250;
				LastUpgradeCheck = 1250;
				TargetAttributes = {
					CBB8F377265BFA9C00917848 = {
						CreatedOnToolsVersion = 12.5;
					};
				};
			};
			buildConfigurationList = CBB8F373265BFA9C00917848 /* Build configuration list for PBXProject "Ontas_iOS" */;
			compatibilityVersion = "Xcode 9.3";
			developmentRegion = en;
			hasScannedForEncodings = 0;
			knownRegions = (
				en,
				Base,
			);
			mainGroup = CBB8F36F265BFA9C00917848;
			productRefGroup = CBB8F379265BFA9C00917848 /* Products */;
			projectDirPath = "";
			projectRoot = "";
			targets = (
				CBB8F377265BFA9C00917848 /* Ontas_iOS */,
			);
		};
/* End PBXProject section */

/* Begin PBXResourcesBuildPhase section */
		CBB8F376265BFA9C00917848 /* Resources */ = {
			isa = PBXResourcesBuildPhase;
			buildActionMask = 2147483647;
			files = (
				CBB8F388265BFAA100917848 /* LaunchScreen.storyboard in Resources */,
				CBB8F3F4265CBAC800917848 /* GoogleService-Info.plist in Resources */,
				CBB8F385265BFAA100917848 /* Assets.xcassets in Resources */,
				CBB8F383265BFA9C00917848 /* Main.storyboard in Resources */,
			);
			runOnlyForDeploymentPostprocessing = 0;
		};
/* End PBXResourcesBuildPhase section */

/* Begin PBXShellScriptBuildPhase section */
		14975B1141F9F5AD61948B58 /* [CP] Check Pods Manifest.lock */ = {
			isa = PBXShellScriptBuildPhase;
			buildActionMask = 2147483647;
			files = (
			);
			inputFileListPaths = (
			);
			inputPaths = (
				"${PODS_PODFILE_DIR_PATH}/Podfile.lock",
				"${PODS_ROOT}/Manifest.lock",
			);
			name = "[CP] Check Pods Manifest.lock";
			outputFileListPaths = (
			);
			outputPaths = (
				"$(DERIVED_FILE_DIR)/Pods-Ontas_iOS-checkManifestLockResult.txt",
			);
			runOnlyForDeploymentPostprocessing = 0;
			shellPath = /bin/sh;
			shellScript = "diff \"${PODS_PODFILE_DIR_PATH}/Podfile.lock\" \"${PODS_ROOT}/Manifest.lock\" > /dev/null\nif [ $? != 0 ] ; then\n    # print error to STDERR\n    echo \"error: The sandbox is not in sync with the Podfile.lock. Run 'pod install' or update your CocoaPods installation.\" >&2\n    exit 1\nfi\n# This output is used by Xcode 'outputs' to avoid re-running this script phase.\necho \"SUCCESS\" > \"${SCRIPT_OUTPUT_FILE_0}\"\n";
			showEnvVarsInLog = 0;
		};
		75D7C40A2EFF313F8287E692 /* [CP] Embed Pods Frameworks */ = {
			isa = PBXShellScriptBuildPhase;
			buildActionMask = 2147483647;
			files = (
			);
			inputFileListPaths = (
				"${PODS_ROOT}/Target Support Files/Pods-Ontas_iOS/Pods-Ontas_iOS-frameworks-${CONFIGURATION}-input-files.xcfilelist",
			);
			name = "[CP] Embed Pods Frameworks";
			outputFileListPaths = (
				"${PODS_ROOT}/Target Support Files/Pods-Ontas_iOS/Pods-Ontas_iOS-frameworks-${CONFIGURATION}-output-files.xcfilelist",
			);
			runOnlyForDeploymentPostprocessing = 0;
			shellPath = /bin/sh;
			shellScript = "\"${PODS_ROOT}/Target Support Files/Pods-Ontas_iOS/Pods-Ontas_iOS-frameworks.sh\"\n";
			showEnvVarsInLog = 0;
		};
/* End PBXShellScriptBuildPhase section */

/* Begin PBXSourcesBuildPhase section */
		CBB8F374265BFA9C00917848 /* Sources */ = {
			isa = PBXSourcesBuildPhase;
			buildActionMask = 2147483647;
			files = (
				CBB8F3FE265D316D00917848 /* ConfiguracionVC.swift in Sources */,
				CBB8F3F6265D310000917848 /* MiCuentaVC.swift in Sources */,
				CBB8F392265C2C3700917848 /* RegistroVC.swift in Sources */,
				CBB8F380265BFA9C00917848 /* tabBarController.swift in Sources */,
				CB07304F26607A5800FD4726 /* tokensVC.swift in Sources */,
				CBB8F3FA265D313000917848 /* ContactosVC.swift in Sources */,
				CBB8F3F8265D311C00917848 /* MapaVC.swift in Sources */,
				CBB8F37C265BFA9C00917848 /* AppDelegate.swift in Sources */,
				CBB8F3FC265D315900917848 /* HistorialVC.swift in Sources */,
				CBB8F390265C27AC00917848 /* LoginVC.swift in Sources */,
				CBB8F37E265BFA9C00917848 /* SceneDelegate.swift in Sources */,
			);
			runOnlyForDeploymentPostprocessing = 0;
		};
/* End PBXSourcesBuildPhase section */

/* Begin PBXVariantGroup section */
		CBB8F381265BFA9C00917848 /* Main.storyboard */ = {
			isa = PBXVariantGroup;
			children = (
				CBB8F382265BFA9C00917848 /* Base */,
			);
			name = Main.storyboard;
			sourceTree = "<group>";
		};
		CBB8F386265BFAA100917848 /* LaunchScreen.storyboard */ = {
			isa = PBXVariantGroup;
			children = (
				CBB8F387265BFAA100917848 /* Base */,
			);
			name = LaunchScreen.storyboard;
			sourceTree = "<group>";
		};
/* End PBXVariantGroup section */

/* Begin XCBuildConfiguration section */
		CBB8F38A265BFAA100917848 /* Debug */ = {
			isa = XCBuildConfiguration;
			buildSettings = {
				ALWAYS_SEARCH_USER_PATHS = NO;
				CLANG_ANALYZER_NONNULL = YES;
				CLANG_ANALYZER_NUMBER_OBJECT_CONVERSION = YES_AGGRESSIVE;
				CLANG_CXX_LANGUAGE_STANDARD = "gnu++14";
				CLANG_CXX_LIBRARY = "libc++";
				CLANG_ENABLE_MODULES = YES;
				CLANG_ENABLE_OBJC_ARC = YES;
				CLANG_ENABLE_OBJC_WEAK = YES;
				CLANG_WARN_BLOCK_CAPTURE_AUTORELEASING = YES;
				CLANG_WARN_BOOL_CONVERSION = YES;
				CLANG_WARN_COMMA = YES;
				CLANG_WARN_CONSTANT_CONVERSION = YES;
				CLANG_WARN_DEPRECATED_OBJC_IMPLEMENTATIONS = YES;
				CLANG_WARN_DIRECT_OBJC_ISA_USAGE = YES_ERROR;
				CLANG_WARN_DOCUMENTATION_COMMENTS = YES;
				CLANG_WARN_EMPTY_BODY = YES;
				CLANG_WARN_ENUM_CONVERSION = YES;
				CLANG_WARN_INFINITE_RECURSION = YES;
				CLANG_WARN_INT_CONVERSION = YES;
				CLANG_WARN_NON_LITERAL_NULL_CONVERSION = YES;
				CLANG_WARN_OBJC_IMPLICIT_RETAIN_SELF = YES;
				CLANG_WARN_OBJC_LITERAL_CONVERSION = YES;
				CLANG_WARN_OBJC_ROOT_CLASS = YES_ERROR;
				CLANG_WARN_QUOTED_INCLUDE_IN_FRAMEWORK_HEADER = YES;
				CLANG_WARN_RANGE_LOOP_ANALYSIS = YES;
				CLANG_WARN_STRICT_PROTOTYPES = YES;
				CLANG_WARN_SUSPICIOUS_MOVE = YES;
				CLANG_WARN_UNGUARDED_AVAILABILITY = YES_AGGRESSIVE;
				CLANG_WARN_UNREACHABLE_CODE = YES;
				CLANG_WARN__DUPLICATE_METHOD_MATCH = YES;
				COPY_PHASE_STRIP = NO;
				DEBUG_INFORMATION_FORMAT = dwarf;
				ENABLE_STRICT_OBJC_MSGSEND = YES;
				ENABLE_TESTABILITY = YES;
				GCC_C_LANGUAGE_STANDARD = gnu11;
				GCC_DYNAMIC_NO_PIC = NO;
				GCC_NO_COMMON_BLOCKS = YES;
				GCC_OPTIMIZATION_LEVEL = 0;
				GCC_PREPROCESSOR_DEFINITIONS = (
					"DEBUG=1",
					"$(inherited)",
				);
				GCC_WARN_64_TO_32_BIT_CONVERSION = YES;
				GCC_WARN_ABOUT_RETURN_TYPE = YES_ERROR;
				GCC_WARN_UNDECLARED_SELECTOR = YES;
				GCC_WARN_UNINITIALIZED_AUTOS = YES_AGGRESSIVE;
				GCC_WARN_UNUSED_FUNCTION = YES;
				GCC_WARN_UNUSED_VARIABLE = YES;
				IPHONEOS_DEPLOYMENT_TARGET = 14.5;
				MTL_ENABLE_DEBUG_INFO = INCLUDE_SOURCE;
				MTL_FAST_MATH = YES;
				ONLY_ACTIVE_ARCH = YES;
				SDKROOT = iphoneos;
				SWIFT_ACTIVE_COMPILATION_CONDITIONS = DEBUG;
				SWIFT_OPTIMIZATION_LEVEL = "-Onone";
			};
			name = Debug;
		};
		CBB8F38B265BFAA100917848 /* Release */ = {
			isa = XCBuildConfiguration;
			buildSettings = {
				ALWAYS_SEARCH_USER_PATHS = NO;
				CLANG_ANALYZER_NONNULL = YES;
				CLANG_ANALYZER_NUMBER_OBJECT_CONVERSION = YES_AGGRESSIVE;
				CLANG_CXX_LANGUAGE_STANDARD = "gnu++14";
				CLANG_CXX_LIBRARY = "libc++";
				CLANG_ENABLE_MODULES = YES;
				CLANG_ENABLE_OBJC_ARC = YES;
				CLANG_ENABLE_OBJC_WEAK = YES;
				CLANG_WARN_BLOCK_CAPTURE_AUTORELEASING = YES;
				CLANG_WARN_BOOL_CONVERSION = YES;
				CLANG_WARN_COMMA = YES;
				CLANG_WARN_CONSTANT_CONVERSION = YES;
				CLANG_WARN_DEPRECATED_OBJC_IMPLEMENTATIONS = YES;
				CLANG_WARN_DIRECT_OBJC_ISA_USAGE = YES_ERROR;
				CLANG_WARN_DOCUMENTATION_COMMENTS = YES;
				CLANG_WARN_EMPTY_BODY = YES;
				CLANG_WARN_ENUM_CONVERSION = YES;
				CLANG_WARN_INFINITE_RECURSION = YES;
				CLANG_WARN_INT_CONVERSION = YES;
				CLANG_WARN_NON_LITERAL_NULL_CONVERSION = YES;
				CLANG_WARN_OBJC_IMPLICIT_RETAIN_SELF = YES;
				CLANG_WARN_OBJC_LITERAL_CONVERSION = YES;
				CLANG_WARN_OBJC_ROOT_CLASS = YES_ERROR;
				CLANG_WARN_QUOTED_INCLUDE_IN_FRAMEWORK_HEADER = YES;
				CLANG_WARN_RANGE_LOOP_ANALYSIS = YES;
				CLANG_WARN_STRICT_PROTOTYPES = YES;
				CLANG_WARN_SUSPICIOUS_MOVE = YES;
				CLANG_WARN_UNGUARDED_AVAILABILITY = YES_AGGRESSIVE;
				CLANG_WARN_UNREACHABLE_CODE = YES;
				CLANG_WARN__DUPLICATE_METHOD_MATCH = YES;
				COPY_PHASE_STRIP = NO;
				DEBUG_INFORMATION_FORMAT = "dwarf-with-dsym";
				ENABLE_NS_ASSERTIONS = NO;
				ENABLE_STRICT_OBJC_MSGSEND = YES;
				GCC_C_LANGUAGE_STANDARD = gnu11;
				GCC_NO_COMMON_BLOCKS = YES;
				GCC_WARN_64_TO_32_BIT_CONVERSION = YES;
				GCC_WARN_ABOUT_RETURN_TYPE = YES_ERROR;
				GCC_WARN_UNDECLARED_SELECTOR = YES;
				GCC_WARN_UNINITIALIZED_AUTOS = YES_AGGRESSIVE;
				GCC_WARN_UNUSED_FUNCTION = YES;
				GCC_WARN_UNUSED_VARIABLE = YES;
				IPHONEOS_DEPLOYMENT_TARGET = 14.5;
				MTL_ENABLE_DEBUG_INFO = NO;
				MTL_FAST_MATH = YES;
				SDKROOT = iphoneos;
				SWIFT_COMPILATION_MODE = wholemodule;
				SWIFT_OPTIMIZATION_LEVEL = "-O";
				VALIDATE_PRODUCT = YES;
			};
			name = Release;
		};
		CBB8F38D265BFAA100917848 /* Debug */ = {
			isa = XCBuildConfiguration;
			baseConfigurationReference = 3797587FF6CD7E6C3C7008BD /* Pods-Ontas_iOS.debug.xcconfig */;
			buildSettings = {
				ASSETCATALOG_COMPILER_APPICON_NAME = AppIcon;
				ASSETCATALOG_COMPILER_GLOBAL_ACCENT_COLOR_NAME = AccentColor;
				CODE_SIGN_STYLE = Automatic;
				INFOPLIST_FILE = Ontas_iOS/Info.plist;
				LD_RUNPATH_SEARCH_PATHS = (
					"$(inherited)",
					"@executable_path/Frameworks",
				);
				PRODUCT_BUNDLE_IDENTIFIER = "mx.itesm.rz.Ontas-iOS";
				PRODUCT_NAME = "$(TARGET_NAME)";
				SWIFT_VERSION = 5.0;
				TARGETED_DEVICE_FAMILY = "1,2";
			};
			name = Debug;
		};
		CBB8F38E265BFAA100917848 /* Release */ = {
			isa = XCBuildConfiguration;
			baseConfigurationReference = 3594AC599DDCD4528BD7686D /* Pods-Ontas_iOS.release.xcconfig */;
			buildSettings = {
				ASSETCATALOG_COMPILER_APPICON_NAME = AppIcon;
				ASSETCATALOG_COMPILER_GLOBAL_ACCENT_COLOR_NAME = AccentColor;
				CODE_SIGN_STYLE = Automatic;
				INFOPLIST_FILE = Ontas_iOS/Info.plist;
				LD_RUNPATH_SEARCH_PATHS = (
					"$(inherited)",
					"@executable_path/Frameworks",
				);
				PRODUCT_BUNDLE_IDENTIFIER = "mx.itesm.rz.Ontas-iOS";
				PRODUCT_NAME = "$(TARGET_NAME)";
				SWIFT_VERSION = 5.0;
				TARGETED_DEVICE_FAMILY = "1,2";
			};
			name = Release;
		};
/* End XCBuildConfiguration section */

/* Begin XCConfigurationList section */
		CBB8F373265BFA9C00917848 /* Build configuration list for PBXProject "Ontas_iOS" */ = {
			isa = XCConfigurationList;
			buildConfigurations = (
				CBB8F38A265BFAA100917848 /* Debug */,
				CBB8F38B265BFAA100917848 /* Release */,
			);
			defaultConfigurationIsVisible = 0;
			defaultConfigurationName = Release;
		};
		CBB8F38C265BFAA100917848 /* Build configuration list for PBXNativeTarget "Ontas_iOS" */ = {
			isa = XCConfigurationList;
			buildConfigurations = (
				CBB8F38D265BFAA100917848 /* Debug */,
				CBB8F38E265BFAA100917848 /* Release */,
			);
			defaultConfigurationIsVisible = 0;
			defaultConfigurationName = Release;
		};
/* End XCConfigurationList section */
	};
	rootObject = CBB8F370265BFA9C00917848 /* Project object */;
}
